
Microsoft Visual Studio Solution File, Format Version 12.00
# Visual Studio Version 16
VisualStudioVersion = 16.0.31220.234
MinimumVisualStudioVersion = 10.0.40219.1
Project("{9A19103F-16F7-4668-BE54-9A1E7A4F7556}") = "masonrymauiblazor", "masonrymauiblazor\masonrymauiblazor.csproj", "{ECFDF936-C335-4B87-9719-0AE0DDC6E137}"
EndProject
Project("{9A19103F-16F7-4668-BE54-9A1E7A4F7556}") = "masonrymauiblazor.WinUI3", "masonrymauiblazor.WinUI3\masonrymauiblazor.WinUI3.csproj", "{9E213BA7-148A-4293-AB94-D59688B53FE8}"
EndProject
Project("{C7167F0D-BC9F-4E6E-AFE1-012C56B48DB5}") = "masonrymauiblazor.WinUI3 (Package)", "masonrymauiblazor.WinUI3 (Package)\masonrymauiblazor.WinUI3 (Package).wapproj", "{A5F00599-C21E-4C2D-8369-2A88A524B0C3}"
EndProject
Global
	GlobalSection(SolutionConfigurationPlatforms) = preSolution
		Debug|Any CPU = Debug|Any CPU
		Debug|arm64 = Debug|arm64
		Debug|x64 = Debug|x64
		Debug|x86 = Debug|x86
		Release|Any CPU = Release|Any CPU
		Release|arm64 = Release|arm64
		Release|x64 = Release|x64
		Release|x86 = Release|x86
	EndGlobalSection
	GlobalSection(ProjectConfigurationPlatforms) = postSolution
		{9E213BA7-148A-4293-AB94-D59688B53FE8}.Debug|Any CPU.ActiveCfg = Debug|x64
		{9E213BA7-148A-4293-AB94-D59688B53FE8}.Debug|Any CPU.Build.0 = Debug|x86
		{9E213BA7-148A-4293-AB94-D59688B53FE8}.Debug|arm64.ActiveCfg = Debug|arm64
		{9E213BA7-148A-4293-AB94-D59688B53FE8}.Debug|arm64.Build.0 = Debug|arm64
		{9E213BA7-148A-4293-AB94-D59688B53FE8}.Debug|x64.ActiveCfg = Debug|x64
		{9E213BA7-148A-4293-AB94-D59688B53FE8}.Debug|x64.Build.0 = Debug|x64
		{9E213BA7-148A-4293-AB94-D59688B53FE8}.Debug|x86.ActiveCfg = Debug|x86
		{9E213BA7-148A-4293-AB94-D59688B53FE8}.Debug|x86.Build.0 = Debug|x86
		{9E213BA7-148A-4293-AB94-D59688B53FE8}.Release|Any CPU.ActiveCfg = Release|x64
		{9E213BA7-148A-4293-AB94-D59688B53FE8}.Release|arm64.ActiveCfg = Release|arm64
		{9E213BA7-148A-4293-AB94-D59688B53FE8}.Release|arm64.Build.0 = Release|arm64
		{9E213BA7-148A-4293-AB94-D59688B53FE8}.Release|x64.ActiveCfg = Release|x64
		{9E213BA7-148A-4293-AB94-D59688B53FE8}.Release|x64.Build.0 = Release|x64
		{9E213BA7-148A-4293-AB94-D59688B53FE8}.Release|x86.ActiveCfg = Release|x86
		{9E213BA7-148A-4293-AB94-D59688B53FE8}.Release|x86.Build.0 = Release|x86
		{A5F00599-C21E-4C2D-8369-2A88A524B0C3}.Debug|Any CPU.ActiveCfg = Debug|x64
		{A5F00599-C21E-4C2D-8369-2A88A524B0C3}.Debug|Any CPU.Build.0 = Debug|x86
		{A5F00599-C21E-4C2D-8369-2A88A524B0C3}.Debug|Any CPU.Deploy.0 = Debug|x86
		{A5F00599-C21E-4C2D-8369-2A88A524B0C3}.Debug|arm64.ActiveCfg = Debug|arm64
		{A5F00599-C21E-4C2D-8369-2A88A524B0C3}.Debug|arm64.Build.0 = Debug|arm64
		{A5F00599-C21E-4C2D-8369-2A88A524B0C3}.Debug|arm64.Deploy.0 = Debug|arm64
		{A5F00599-C21E-4C2D-8369-2A88A524B0C3}.Debug|x64.ActiveCfg = Debug|x64
		{A5F00599-C21E-4C2D-8369-2A88A524B0C3}.Debug|x64.Build.0 = Debug|x64
		{A5F00599-C21E-4C2D-8369-2A88A524B0C3}.Debug|x64.Deploy.0 = Debug|x64
		{A5F00599-C21E-4C2D-8369-2A88A524B0C3}.Debug|x86.ActiveCfg = Debug|x86
		{A5F00599-C21E-4C2D-8369-2A88A524B0C3}.Debug|x86.Build.0 = Debug|x86
		{A5F00599-C21E-4C2D-8369-2A88A524B0C3}.Debug|x86.Deploy.0 = Debug|x86
		{A5F00599-C21E-4C2D-8369-2A88A524B0C3}.Release|Any CPU.ActiveCfg = Release|x64
		{A5F00599-C21E-4C2D-8369-2A88A524B0C3}.Release|arm64.ActiveCfg = Release|arm64
		{A5F00599-C21E-4C2D-8369-2A88A524B0C3}.Release|arm64.Build.0 = Release|arm64
		{A5F00599-C21E-4C2D-8369-2A88A524B0C3}.Release|arm64.Deploy.0 = Release|arm64
		{A5F00599-C21E-4C2D-8369-2A88A524B0C3}.Release|x64.ActiveCfg = Release|x64
		{A5F00599-C21E-4C2D-8369-2A88A524B0C3}.Release|x64.Build.0 = Release|x64
		{A5F00599-C21E-4C2D-8369-2A88A524B0C3}.Release|x64.Deploy.0 = Release|x64
		{A5F00599-C21E-4C2D-8369-2A88A524B0C3}.Release|x86.ActiveCfg = Release|x86
		{A5F00599-C21E-4C2D-8369-2A88A524B0C3}.Release|x86.Build.0 = Release|x86
		{A5F00599-C21E-4C2D-8369-2A88A524B0C3}.Release|x86.Deploy.0 = Release|x86
		{ECFDF936-C335-4B87-9719-0AE0DDC6E137}.Debug|Any CPU.ActiveCfg = Debug|Any CPU
		{ECFDF936-C335-4B87-9719-0AE0DDC6E137}.Debug|Any CPU.Build.0 = Debug|Any CPU
		{ECFDF936-C335-4B87-9719-0AE0DDC6E137}.Debug|Any CPU.Deploy.0 = Debug|Any CPU
		{ECFDF936-C335-4B87-9719-0AE0DDC6E137}.Debug|arm64.ActiveCfg = Debug|Any CPU
		{ECFDF936-C335-4B87-9719-0AE0DDC6E137}.Debug|arm64.Build.0 = Debug|Any CPU
		{ECFDF936-C335-4B87-9719-0AE0DDC6E137}.Debug|arm64.Deploy.0 = Debug|Any CPU
		{ECFDF936-C335-4B87-9719-0AE0DDC6E137}.Debug|x64.ActiveCfg = Debug|Any CPU
		{ECFDF936-C335-4B87-9719-0AE0DDC6E137}.Debug|x64.Build.0 = Debug|Any CPU
		{ECFDF936-C335-4B87-9719-0AE0DDC6E137}.Debug|x64.Deploy.0 = Debug|Any CPU
		{ECFDF936-C335-4B87-9719-0AE0DDC6E137}.Debug|x86.ActiveCfg = Debug|Any CPU
		{ECFDF936-C335-4B87-9719-0AE0DDC6E137}.Debug|x86.Build.0 = Debug|Any CPU
		{ECFDF936-C335-4B87-9719-0AE0DDC6E137}.Debug|x86.Deploy.0 = Debug|Any CPU
		{ECFDF936-C335-4B87-9719-0AE0DDC6E137}.Release|Any CPU.ActiveCfg = Release|Any CPU
		{ECFDF936-C335-4B87-9719-0AE0DDC6E137}.Release|Any CPU.Build.0 = Release|Any CPU
		{ECFDF936-C335-4B87-9719-0AE0DDC6E137}.Release|Any CPU.Deploy.0 = Release|Any CPU
		{ECFDF936-C335-4B87-9719-0AE0DDC6E137}.Release|arm64.ActiveCfg = Release|Any CPU
		{ECFDF936-C335-4B87-9719-0AE0DDC6E137}.Release|arm64.Build.0 = Release|Any CPU
		{ECFDF936-C335-4B87-9719-0AE0DDC6E137}.Release|arm64.Deploy.0 = Release|Any CPU
		{ECFDF936-C335-4B87-9719-0AE0DDC6E137}.Release|x64.ActiveCfg = Release|Any CPU
		{ECFDF936-C335-4B87-9719-0AE0DDC6E137}.Release|x64.Build.0 = Release|Any CPU
		{ECFDF936-C335-4B87-9719-0AE0DDC6E137}.Release|x64.Deploy.0 = Release|Any CPU
		{ECFDF936-C335-4B87-9719-0AE0DDC6E137}.Release|x86.ActiveCfg = Release|Any CPU
		{ECFDF936-C335-4B87-9719-0AE0DDC6E137}.Release|x86.Build.0 = Release|Any CPU
		{ECFDF936-C335-4B87-9719-0AE0DDC6E137}.Release|x86.Deploy.0 = Release|Any CPU
	EndGlobalSection
	GlobalSection(SolutionProperties) = preSolution
		HideSolutionNode = FALSE
	EndGlobalSection
	GlobalSection(ExtensibilityGlobals) = postSolution
		SolutionGuid = {61F7FB11-1E47-470C-91E2-47F8143E1572}
	EndGlobalSection
EndGlobal
